
Microsoft Visual Studio Solution File, Format Version 12.00
# Visual Studio Version 17
VisualStudioVersion = 17.6.33815.320
MinimumVisualStudioVersion = 10.0.40219.1
Project("{FAE04EC0-301F-11D3-BF4B-00C04F79EFBC}") = "FormRecognizer-Receipt1", "FormRecognizer-Receipt1\FormRecognizer-Receipt1.csproj", "{42CAB95D-E9EF-4FAE-B06A-528856BE9F79}"
EndProject
Global
	GlobalSection(SolutionConfigurationPlatforms) = preSolution
		Debug|Any CPU = Debug|Any CPU
		Release|Any CPU = Release|Any CPU
	EndGlobalSection
	GlobalSection(ProjectConfigurationPlatforms) = postSolution
		{42CAB95D-E9EF-4FAE-B06A-528856BE9F79}.Debug|Any CPU.ActiveCfg = Debug|Any CPU
		{42CAB95D-E9EF-4FAE-B06A-528856BE9F79}.Debug|Any CPU.Build.0 = Debug|Any CPU
		{42CAB95D-E9EF-4FAE-B06A-528856BE9F79}.Release|Any CPU.ActiveCfg = Release|Any CPU
		{42CAB95D-E9EF-4FAE-B06A-528856BE9F79}.Release|Any CPU.Build.0 = Release|Any CPU
	EndGlobalSection
	GlobalSection(SolutionProperties) = preSolution
		HideSolutionNode = FALSE
	EndGlobalSection
	GlobalSection(ExtensibilityGlobals) = postSolution
		SolutionGuid = {3C141BA9-8B7D-4A48-873A-F07619C06EF6}
	EndGlobalSection
EndGlobal
